
Microsoft Visual Studio Solution File, Format Version 12.00
# Visual Studio Version 17
VisualStudioVersion = 17.2.32602.215
MinimumVisualStudioVersion = 10.0.40219.1
Project("{FAE04EC0-301F-11D3-BF4B-00C04F79EFBC}") = "Starter.Web", "Starter.Web\Starter.Web.csproj", "{95B1030D-334A-4E6B-B988-6C7F5E0ECCDB}"
EndProject
Global
	GlobalSection(SolutionConfigurationPlatforms) = preSolution
		Debug|Any CPU = Debug|Any CPU
		Release|Any CPU = Release|Any CPU
	EndGlobalSection
	GlobalSection(ProjectConfigurationPlatforms) = postSolution
		{95B1030D-334A-4E6B-B988-6C7F5E0ECCDB}.Debug|Any CPU.ActiveCfg = Debug|Any CPU
		{95B1030D-334A-4E6B-B988-6C7F5E0ECCDB}.Debug|Any CPU.Build.0 = Debug|Any CPU
		{95B1030D-334A-4E6B-B988-6C7F5E0ECCDB}.Release|Any CPU.ActiveCfg = Release|Any CPU
		{95B1030D-334A-4E6B-B988-6C7F5E0ECCDB}.Release|Any CPU.Build.0 = Release|Any CPU
	EndGlobalSection
	GlobalSection(SolutionProperties) = preSolution
		HideSolutionNode = FALSE
	EndGlobalSection
	GlobalSection(ExtensibilityGlobals) = postSolution
		SolutionGuid = {36C93D17-A94F-4ABA-82FE-27ACBD0B33D6}
	EndGlobalSection
EndGlobal
